
Microsoft Visual Studio Solution File, Format Version 12.00
# Visual Studio Version 17
VisualStudioVersion = 17.6.33712.159
MinimumVisualStudioVersion = 10.0.40219.1
Project("{9A19103F-16F7-4668-BE54-9A1E7A4F7556}") = "Book.App", "Book.App\Book.App.csproj", "{3D0C9CA4-280F-4549-AAED-D12C86C5B7D3}"
EndProject
Project("{9A19103F-16F7-4668-BE54-9A1E7A4F7556}") = "Book.Core", "Book.Core\Book.Core.csproj", "{5990B9E8-97DA-4C21-A21F-AA60D97408A0}"
EndProject
Project("{9A19103F-16F7-4668-BE54-9A1E7A4F7556}") = "Book.Data", "Book.Data\Book.Data.csproj", "{A8AD3EA9-5C91-4964-A700-5F5FFC74515E}"
EndProject
Project("{9A19103F-16F7-4668-BE54-9A1E7A4F7556}") = "Book.Service", "Book.Service\Book.Service.csproj", "{D12EB48D-86D6-47D9-99EA-CC502CB78AFD}"
EndProject
Project("{FAE04EC0-301F-11D3-BF4B-00C04F79EFBC}") = "Book.Client", "Book.Client\Book.Client.csproj", "{0D186430-F09F-4F28-B121-E13E59E0BD77}"
EndProject
Global
	GlobalSection(SolutionConfigurationPlatforms) = preSolution
		Debug|Any CPU = Debug|Any CPU
		Release|Any CPU = Release|Any CPU
	EndGlobalSection
	GlobalSection(ProjectConfigurationPlatforms) = postSolution
		{3D0C9CA4-280F-4549-AAED-D12C86C5B7D3}.Debug|Any CPU.ActiveCfg = Debug|Any CPU
		{3D0C9CA4-280F-4549-AAED-D12C86C5B7D3}.Debug|Any CPU.Build.0 = Debug|Any CPU
		{3D0C9CA4-280F-4549-AAED-D12C86C5B7D3}.Release|Any CPU.ActiveCfg = Release|Any CPU
		{3D0C9CA4-280F-4549-AAED-D12C86C5B7D3}.Release|Any CPU.Build.0 = Release|Any CPU
		{5990B9E8-97DA-4C21-A21F-AA60D97408A0}.Debug|Any CPU.ActiveCfg = Debug|Any CPU
		{5990B9E8-97DA-4C21-A21F-AA60D97408A0}.Debug|Any CPU.Build.0 = Debug|Any CPU
		{5990B9E8-97DA-4C21-A21F-AA60D97408A0}.Release|Any CPU.ActiveCfg = Release|Any CPU
		{5990B9E8-97DA-4C21-A21F-AA60D97408A0}.Release|Any CPU.Build.0 = Release|Any CPU
		{A8AD3EA9-5C91-4964-A700-5F5FFC74515E}.Debug|Any CPU.ActiveCfg = Debug|Any CPU
		{A8AD3EA9-5C91-4964-A700-5F5FFC74515E}.Debug|Any CPU.Build.0 = Debug|Any CPU
		{A8AD3EA9-5C91-4964-A700-5F5FFC74515E}.Release|Any CPU.ActiveCfg = Release|Any CPU
		{A8AD3EA9-5C91-4964-A700-5F5FFC74515E}.Release|Any CPU.Build.0 = Release|Any CPU
		{D12EB48D-86D6-47D9-99EA-CC502CB78AFD}.Debug|Any CPU.ActiveCfg = Debug|Any CPU
		{D12EB48D-86D6-47D9-99EA-CC502CB78AFD}.Debug|Any CPU.Build.0 = Debug|Any CPU
		{D12EB48D-86D6-47D9-99EA-CC502CB78AFD}.Release|Any CPU.ActiveCfg = Release|Any CPU
		{D12EB48D-86D6-47D9-99EA-CC502CB78AFD}.Release|Any CPU.Build.0 = Release|Any CPU
		{0D186430-F09F-4F28-B121-E13E59E0BD77}.Debug|Any CPU.ActiveCfg = Debug|Any CPU
		{0D186430-F09F-4F28-B121-E13E59E0BD77}.Debug|Any CPU.Build.0 = Debug|Any CPU
		{0D186430-F09F-4F28-B121-E13E59E0BD77}.Release|Any CPU.ActiveCfg = Release|Any CPU
		{0D186430-F09F-4F28-B121-E13E59E0BD77}.Release|Any CPU.Build.0 = Release|Any CPU
	EndGlobalSection
	GlobalSection(SolutionProperties) = preSolution
		HideSolutionNode = FALSE
	EndGlobalSection
	GlobalSection(ExtensibilityGlobals) = postSolution
		SolutionGuid = {166F8923-2AD9-4C11-82E5-B9ED1F1266CD}
	EndGlobalSection
EndGlobal
